{
  "nodes": {
    "flake-module": {
      "flake": false,
      "locked": {
        "path": "flake-module.nix",
        "type": "path"
      },
      "original": {
        "path": "flake-module.nix",
        "type": "path"
      },
      "parent": []
    },
    "flake-parts": {
      "inputs": {
        "nixpkgs-lib": [
          "nixpkgs"
        ]
      },
      "locked": {
        "lastModified": 1778716662,
        "narHash": "sha256-m1Yf0wZ8j1OHjTc2UwHwyQRSnNeSgLJOd7q5Y45hzi4=",
        "owner": "hercules-ci",
        "repo": "flake-parts",
        "rev": "f7c1a2d347e4c52d5fb8d10cb4d94b5884e546fb",
        "type": "github"
      },
      "original": {
        "owner": "hercules-ci",
        "repo": "flake-parts",
        "type": "github"
      }
    },
    "lib": {
      "flake": false,
      "locked": {
        "path": "lib/top-level.nix",
        "type": "path"
      },
      "original": {
        "path": "lib/top-level.nix",
        "type": "path"
      },
      "parent": [
        "mlib"
      ]
    },
    "mlib": {
      "inputs": {
        "flake-parts": [
          "flake-parts"
        ],
        "lib": "lib"
      },
      "locked": {
        "lastModified": 1780009683,
        "narHash": "sha256-/kgJmcEcXXWwnTxeozLxuOagGwfKlfzEJqe4NGpZgN0=",
        "owner": "MaxTheMooshroom",
        "repo": "mlib.nix",
        "rev": "afb1894a1936ef160b82b1b6b8b5ccec62f86351",
        "type": "github"
      },
      "original": {
        "owner": "MaxTheMooshroom",
        "repo": "mlib.nix",
        "type": "github"
      }
    },
    "nixpkgs": {
      "locked": {
        "lastModified": 1779796641,
        "narHash": "sha256-ZsIrKmhp4vbBXoXXmR/tBXA/UCsAQiJL9vsgZEduhVY=",
        "owner": "NixOS",
        "repo": "nixpkgs",
        "rev": "25f538306313eae3927264466c70d7001dcea1df",
        "type": "github"
      },
      "original": {
        "owner": "NixOS",
        "ref": "nixos-25.11",
        "repo": "nixpkgs",
        "type": "github"
      }
    },
    "root": {
      "inputs": {
        "flake-module": "flake-module",
        "flake-parts": "flake-parts",
        "mlib": "mlib",
        "nixpkgs": "nixpkgs"
      }
    }
  },
  "root": "root",
  "version": 7
}
